
Microsoft Visual Studio Solution File, Format Version 12.00
# Visual Studio Version 16
VisualStudioVersion = 16.0.30320.27
MinimumVisualStudioVersion = 10.0.40219.1
Project("{FAE04EC0-301F-11D3-BF4B-00C04F79EFBC}") = "ConsoleUI", "ConsoleUI\ConsoleUI.csproj", "{00F9951F-06BB-40CF-81A3-870F5368090D}"
EndProject
Global
	GlobalSection(SolutionConfigurationPlatforms) = preSolution
		Debug|Any CPU = Debug|Any CPU
		Release|Any CPU = Release|Any CPU
	EndGlobalSection
	GlobalSection(ProjectConfigurationPlatforms) = postSolution
		{00F9951F-06BB-40CF-81A3-870F5368090D}.Debug|Any CPU.ActiveCfg = Debug|Any CPU
		{00F9951F-06BB-40CF-81A3-870F5368090D}.Debug|Any CPU.Build.0 = Debug|Any CPU
		{00F9951F-06BB-40CF-81A3-870F5368090D}.Release|Any CPU.ActiveCfg = Release|Any CPU
		{00F9951F-06BB-40CF-81A3-870F5368090D}.Release|Any CPU.Build.0 = Release|Any CPU
	EndGlobalSection
	GlobalSection(SolutionProperties) = preSolution
		HideSolutionNode = FALSE
	EndGlobalSection
	GlobalSection(ExtensibilityGlobals) = postSolution
		SolutionGuid = {D3040A1F-629B-4E16-97C6-28194F80EC7C}
	EndGlobalSection
EndGlobal
